// !$*UTF8*$!
{
	archiveVersion = 1;
	classes = {
	};
	objectVersion = 55;
	objects = {

/* Begin PBXBuildFile section */
		D9E9E3D92799D86900E744D4 /* AppDelegate.swift in Sources */ = {isa = PBXBuildFile; fileRef = D9E9E3D82799D86900E744D4 /* AppDelegate.swift */; };
		D9E9E3DB2799D86900E744D4 /* SceneDelegate.swift in Sources */ = {isa = PBXBuildFile; fileRef = D9E9E3DA2799D86900E744D4 /* SceneDelegate.swift */; };
		D9E9E3DD2799D86900E744D4 /* ViewController.swift in Sources */ = {isa = PBXBuildFile; fileRef = D9E9E3DC2799D86900E744D4 /* ViewController.swift */; };
		D9E9E3E02799D86900E744D4 /* Main.storyboard in Resources */ = {isa = PBXBuildFile; fileRef = D9E9E3DE2799D86900E744D4 /* Main.storyboard */; };
		D9E9E3E22799D86B00E744D4 /* Assets.xcassets in Resources */ = {isa = PBXBuildFile; fileRef = D9E9E3E12799D86B00E744D4 /* Assets.xcassets */; };
		D9E9E3E52799D86B00E744D4 /* LaunchScreen.storyboard in Resources */ = {isa = PBXBuildFile; fileRef = D9E9E3E32799D86B00E744D4 /* LaunchScreen.storyboard */; };
		D9E9E3F02799D86B00E744D4 /* Foto_GalleryTests.swift in Sources */ = {isa = PBXBuildFile; fileRef = D9E9E3EF2799D86B00E744D4 /* Foto_GalleryTests.swift */; };
		D9E9E3FA2799D86B00E744D4 /* Foto_GalleryUITests.swift in Sources */ = {isa = PBXBuildFile; fileRef = D9E9E3F92799D86B00E744D4 /* Foto_GalleryUITests.swift */; };
		D9E9E3FC2799D86B00E744D4 /* Foto_GalleryUITestsLaunchTests.swift in Sources */ = {isa = PBXBuildFile; fileRef = D9E9E3FB2799D86B00E744D4 /* Foto_GalleryUITestsLaunchTests.swift */; };
/* End PBXBuildFile section */

/* Begin PBXContainerItemProxy section */
		D9E9E3EC2799D86B00E744D4 /* PBXContainerItemProxy */ = {
			isa = PBXContainerItemProxy;
			containerPortal = D9E9E3CD2799D86900E744D4 /* Project object */;
			proxyType = 1;
			remoteGlobalIDString = D9E9E3D42799D86900E744D4;
			remoteInfo = Foto_Gallery;
		};
		D9E9E3F62799D86B00E744D4 /* PBXContainerItemProxy */ = {
			isa = PBXContainerItemProxy;
			containerPortal = D9E9E3CD2799D86900E744D4 /* Project object */;
			proxyType = 1;
			remoteGlobalIDString = D9E9E3D42799D86900E744D4;
			remoteInfo = Foto_Gallery;
		};
/* End PBXContainerItemProxy section */

/* Begin PBXFileReference section */
		D9E9E3D52799D86900E744D4 /* Foto_Gallery.app */ = {isa = PBXFileReference; explicitFileType = wrapper.application; includeInIndex = 0; path = Foto_Gallery.app; sourceTree = BUILT_PRODUCTS_DIR; };
		D9E9E3D82799D86900E744D4 /* AppDelegate.swift */ = {isa = PBXFileReference; lastKnownFileType = sourcecode.swift; path = AppDelegate.swift; sourceTree = "<group>"; };
		D9E9E3DA2799D86900E744D4 /* SceneDelegate.swift */ = {isa = PBXFileReference; lastKnownFileType = sourcecode.swift; path = SceneDelegate.swift; sourceTree = "<group>"; };
		D9E9E3DC2799D86900E744D4 /* ViewController.swift */ = {isa = PBXFileReference; lastKnownFileType = sourcecode.swift; path = ViewController.swift; sourceTree = "<group>"; };
		D9E9E3DF2799D86900E744D4 /* Base */ = {isa = PBXFileReference; lastKnownFileType = file.storyboard; name = Base; path = Base.lproj/Main.storyboard; sourceTree = "<group>"; };
		D9E9E3E12799D86B00E744D4 /* Assets.xcassets */ = {isa = PBXFileReference; lastKnownFileType = folder.assetcatalog; path = Assets.xcassets; sourceTree = "<group>"; };
		D9E9E3E42799D86B00E744D4 /* Base */ = {isa = PBXFileReference; lastKnownFileType = file.storyboard; name = Base; path = Base.lproj/LaunchScreen.storyboard; sourceTree = "<group>"; };
		D9E9E3E62799D86B00E744D4 /* Info.plist */ = {isa = PBXFileReference; lastKnownFileType = text.plist.xml; path = Info.plist; sourceTree = "<group>"; };
		D9E9E3EB2799D86B00E744D4 /* Foto_GalleryTests.xctest */ = {isa = PBXFileReference; explicitFileType = wrapper.cfbundle; includeInIndex = 0; path = Foto_GalleryTests.xctest; sourceTree = BUILT_PRODUCTS_DIR; };
		D9E9E3EF2799D86B00E744D4 /* Foto_GalleryTests.swift */ = {isa = PBXFileReference; lastKnownFileType = sourcecode.swift; path = Foto_GalleryTests.swift; sourceTree = "<group>"; };
		D9E9E3F52799D86B00E744D4 /* Foto_GalleryUITests.xctest */ = {isa = PBXFileReference; explicitFileType = wrapper.cfbundle; includeInIndex = 0; path = Foto_GalleryUITests.xctest; sourceTree = BUILT_PRODUCTS_DIR; };
		D9E9E3F92799D86B00E744D4 /* Foto_GalleryUITests.swift */ = {isa = PBXFileReference; lastKnownFileType = sourcecode.swift; path = Foto_GalleryUITests.swift; sourceTree = "<group>"; };
		D9E9E3FB2799D86B00E744D4 /* Foto_GalleryUITestsLaunchTests.swift */ = {isa = PBXFileReference; lastKnownFileType = sourcecode.swift; path = Foto_GalleryUITestsLaunchTests.swift; sourceTree = "<group>"; };
/* End PBXFileReference section */

/* Begin PBXFrameworksBuildPhase section */
		D9E9E3D22799D86900E744D4 /* Frameworks */ = {
			isa = PBXFrameworksBuildPhase;
			buildActionMask = 2147483647;
			files = (
			);
			runOnlyForDeploymentPostprocessing = 0;
		};
		D9E9E3E82799D86B00E744D4 /* Frameworks */ = {
			isa = PBXFrameworksBuildPhase;
			buildActionMask = 2147483647;
			files = (
			);
			runOnlyForDeploymentPostprocessing = 0;
		};
		D9E9E3F22799D86B00E744D4 /* Frameworks */ = {
			isa = PBXFrameworksBuildPhase;
			buildActionMask = 2147483647;
			files = (
			);
			runOnlyForDeploymentPostprocessing = 0;
		};
/* End PBXFrameworksBuildPhase section */

/* Begin PBXGroup section */
		D9E9E3CC2799D86900E744D4 = {
			isa = PBXGroup;
			children = (
				D9E9E3D72799D86900E744D4 /* Foto_Gallery */,
				D9E9E3EE2799D86B00E744D4 /* Foto_GalleryTests */,
				D9E9E3F82799D86B00E744D4 /* Foto_GalleryUITests */,
				D9E9E3D62799D86900E744D4 /* Products */,
			);
			sourceTree = "<group>";
		};
		D9E9E3D62799D86900E744D4 /* Products */ = {
			isa = PBXGroup;
			children = (
				D9E9E3D52799D86900E744D4 /* Foto_Gallery.app */,
				D9E9E3EB2799D86B00E744D4 /* Foto_GalleryTests.xctest */,
				D9E9E3F52799D86B00E744D4 /* Foto_GalleryUITests.xctest */,
			);
			name = Products;
			sourceTree = "<group>";
		};
		D9E9E3D72799D86900E744D4 /* Foto_Gallery */ = {
			isa = PBXGroup;
			children = (
				D9E9E3D82799D86900E744D4 /* AppDelegate.swift */,
				D9E9E3DA2799D86900E744D4 /* SceneDelegate.swift */,
				D9E9E3DC2799D86900E744D4 /* ViewController.swift */,
				D9E9E3DE2799D86900E744D4 /* Main.storyboard */,
				D9E9E3E12799D86B00E744D4 /* Assets.xcassets */,
				D9E9E3E32799D86B00E744D4 /* LaunchScreen.storyboard */,
				D9E9E3E62799D86B00E744D4 /* Info.plist */,
			);
			path = Foto_Gallery;
			sourceTree = "<group>";
		};
		D9E9E3EE2799D86B00E744D4 /* Foto_GalleryTests */ = {
			isa = PBXGroup;
			children = (
				D9E9E3EF2799D86B00E744D4 /* Foto_GalleryTests.swift */,
			);
			path = Foto_GalleryTests;
			sourceTree = "<group>";
		};
		D9E9E3F82799D86B00E744D4 /* Foto_GalleryUITests */ = {
			isa = PBXGroup;
			children = (
				D9E9E3F92799D86B00E744D4 /* Foto_GalleryUITests.swift */,
				D9E9E3FB2799D86B00E744D4 /* Foto_GalleryUITestsLaunchTests.swift */,
			);
			path = Foto_GalleryUITests;
			sourceTree = "<group>";
		};
/* End PBXGroup section */

/* Begin PBXNativeTarget section */
		D9E9E3D42799D86900E744D4 /* Foto_Gallery */ = {
			isa = PBXNativeTarget;
			buildConfigurationList = D9E9E3FF2799D86B00E744D4 /* Build configuration list for PBXNativeTarget "Foto_Gallery" */;
			buildPhases = (
				D9E9E3D12799D86900E744D4 /* Sources */,
				D9E9E3D22799D86900E744D4 /* Frameworks */,
				D9E9E3D32799D86900E744D4 /* Resources */,
			);
			buildRules = (
			);
			dependencies = (
			);
			name = Foto_Gallery;
			productName = Foto_Gallery;
			productReference = D9E9E3D52799D86900E744D4 /* Foto_Gallery.app */;
			productType = "com.apple.product-type.application";
		};
		D9E9E3EA2799D86B00E744D4 /* Foto_GalleryTests */ = {
			isa = PBXNativeTarget;
			buildConfigurationList = D9E9E4022799D86B00E744D4 /* Build configuration list for PBXNativeTarget "Foto_GalleryTests" */;
			buildPhases = (
				D9E9E3E72799D86B00E744D4 /* Sources */,
				D9E9E3E82799D86B00E744D4 /* Frameworks */,
				D9E9E3E92799D86B00E744D4 /* Resources */,
			);
			buildRules = (
			);
			dependencies = (
				D9E9E3ED2799D86B00E744D4 /* PBXTargetDependency */,
			);
			name = Foto_GalleryTests;
			productName = Foto_GalleryTests;
			productReference = D9E9E3EB2799D86B00E744D4 /* Foto_GalleryTests.xctest */;
			productType = "com.apple.product-type.bundle.unit-test";
		};
		D9E9E3F42799D86B00E744D4 /* Foto_GalleryUITests */ = {
			isa = PBXNativeTarget;
			buildConfigurationList = D9E9E4052799D86B00E744D4 /* Build configuration list for PBXNativeTarget "Foto_GalleryUITests" */;
			buildPhases = (
				D9E9E3F12799D86B00E744D4 /* Sources */,
				D9E9E3F22799D86B00E744D4 /* Frameworks */,
				D9E9E3F32799D86B00E744D4 /* Resources */,
			);
			buildRules = (
			);
			dependencies = (
				D9E9E3F72799D86B00E744D4 /* PBXTargetDependency */,
			);
			name = Foto_GalleryUITests;
			productName = Foto_GalleryUITests;
			productReference = D9E9E3F52799D86B00E744D4 /* Foto_GalleryUITests.xctest */;
			productType = "com.apple.product-type.bundle.ui-testing";
		};
/* End PBXNativeTarget section */

/* Begin PBXProject section */
		D9E9E3CD2799D86900E744D4 /* Project object */ = {
			isa = PBXProject;
			attributes = {
				BuildIndependentTargetsInParallel = 1;
				LastSwiftUpdateCheck = 1320;
				LastUpgradeCheck = 1320;
				TargetAttributes = {
					D9E9E3D42799D86900E744D4 = {
						CreatedOnToolsVersion = 13.2.1;
					};
					D9E9E3EA2799D86B00E744D4 = {
						CreatedOnToolsVersion = 13.2.1;
						TestTargetID = D9E9E3D42799D86900E744D4;
					};
					D9E9E3F42799D86B00E744D4 = {
						CreatedOnToolsVersion = 13.2.1;
						TestTargetID = D9E9E3D42799D86900E744D4;
					};
				};
			};
			buildConfigurationList = D9E9E3D02799D86900E744D4 /* Build configuration list for PBXProject "Foto_Gallery" */;
			compatibilityVersion = "Xcode 13.0";
			developmentRegion = en;
			hasScannedForEncodings = 0;
			knownRegions = (
				en,
				Base,
			);
			mainGroup = D9E9E3CC2799D86900E744D4;
			productRefGroup = D9E9E3D62799D86900E744D4 /* Products */;
			projectDirPath = "";
			projectRoot = "";
			targets = (
				D9E9E3D42799D86900E744D4 /* Foto_Gallery */,
				D9E9E3EA2799D86B00E744D4 /* Foto_GalleryTests */,
				D9E9E3F42799D86B00E744D4 /* Foto_GalleryUITests */,
			);
		};
/* End PBXProject section */

/* Begin PBXResourcesBuildPhase section */
		D9E9E3D32799D86900E744D4 /* Resources */ = {
			isa = PBXResourcesBuildPhase;
			buildActionMask = 2147483647;
			files = (
				D9E9E3E52799D86B00E744D4 /* LaunchScreen.storyboard in Resources */,
				D9E9E3E22799D86B00E744D4 /* Assets.xcassets in Resources */,
				D9E9E3E02799D86900E744D4 /* Main.storyboard in Resources */,
			);
			runOnlyForDeploymentPostprocessing = 0;
		};
		D9E9E3E92799D86B00E744D4 /* Resources */ = {
			isa = PBXResourcesBuildPhase;
			buildActionMask = 2147483647;
			files = (
			);
			runOnlyForDeploymentPostprocessing = 0;
		};
		D9E9E3F32799D86B00E744D4 /* Resources */ = {
			isa = PBXResourcesBuildPhase;
			buildActionMask = 2147483647;
			files = (
			);
			runOnlyForDeploymentPostprocessing = 0;
		};
/* End PBXResourcesBuildPhase section */

/* Begin PBXSourcesBuildPhase section */
		D9E9E3D12799D86900E744D4 /* Sources */ = {
			isa = PBXSourcesBuildPhase;
			buildActionMask = 2147483647;
			files = (
				D9E9E3DD2799D86900E744D4 /* ViewController.swift in Sources */,
				D9E9E3D92799D86900E744D4 /* AppDelegate.swift in Sources */,
				D9E9E3DB2799D86900E744D4 /* SceneDelegate.swift in Sources */,
			);
			runOnlyForDeploymentPostprocessing = 0;
		};
		D9E9E3E72799D86B00E744D4 /* Sources */ = {
			isa = PBXSourcesBuildPhase;
			buildActionMask = 2147483647;
			files = (
				D9E9E3F02799D86B00E744D4 /* Foto_GalleryTests.swift in Sources */,
			);
			runOnlyForDeploymentPostprocessing = 0;
		};
		D9E9E3F12799D86B00E744D4 /* Sources */ = {
			isa = PBXSourcesBuildPhase;
			buildActionMask = 2147483647;
			files = (
				D9E9E3FA2799D86B00E744D4 /* Foto_GalleryUITests.swift in Sources */,
				D9E9E3FC2799D86B00E744D4 /* Foto_GalleryUITestsLaunchTests.swift in Sources */,
			);
			runOnlyForDeploymentPostprocessing = 0;
		};
/* End PBXSourcesBuildPhase section */

/* Begin PBXTargetDependency section */
		D9E9E3ED2799D86B00E744D4 /* PBXTargetDependency */ = {
			isa = PBXTargetDependency;
			target = D9E9E3D42799D86900E744D4 /* Foto_Gallery */;
			targetProxy = D9E9E3EC2799D86B00E744D4 /* PBXContainerItemProxy */;
		};
		D9E9E3F72799D86B00E744D4 /* PBXTargetDependency */ = {
			isa = PBXTargetDependency;
			target = D9E9E3D42799D86900E744D4 /* Foto_Gallery */;
			targetProxy = D9E9E3F62799D86B00E744D4 /* PBXContainerItemProxy */;
		};
/* End PBXTargetDependency section */

/* Begin PBXVariantGroup section */
		D9E9E3DE2799D86900E744D4 /* Main.storyboard */ = {
			isa = PBXVariantGroup;
			children = (
				D9E9E3DF2799D86900E744D4 /* Base */,
			);
			name = Main.storyboard;
			sourceTree = "<group>";
		};
		D9E9E3E32799D86B00E744D4 /* LaunchScreen.storyboard */ = {
			isa = PBXVariantGroup;
			children = (
				D9E9E3E42799D86B00E744D4 /* Base */,
			);
			name = LaunchScreen.storyboard;
			sourceTree = "<group>";
		};
/* End PBXVariantGroup section */

/* Begin XCBuildConfiguration section */
		D9E9E3FD2799D86B00E744D4 /* Debug */ = {
			isa = XCBuildConfiguration;
			buildSettings = {
				ALWAYS_SEARCH_USER_PATHS = NO;
				CLANG_ANALYZER_NONNULL = YES;
				CLANG_ANALYZER_NUMBER_OBJECT_CONVERSION = YES_AGGRESSIVE;
				CLANG_CXX_LANGUAGE_STANDARD = "gnu++17";
				CLANG_CXX_LIBRARY = "libc++";
				CLANG_ENABLE_MODULES = YES;
				CLANG_ENABLE_OBJC_ARC = YES;
				CLANG_ENABLE_OBJC_WEAK = YES;
				CLANG_WARN_BLOCK_CAPTURE_AUTORELEASING = YES;
				CLANG_WARN_BOOL_CONVERSION = YES;
				CLANG_WARN_COMMA = YES;
				CLANG_WARN_CONSTANT_CONVERSION = YES;
				CLANG_WARN_DEPRECATED_OBJC_IMPLEMENTATIONS = YES;
				CLANG_WARN_DIRECT_OBJC_ISA_USAGE = YES_ERROR;
				CLANG_WARN_DOCUMENTATION_COMMENTS = YES;
				CLANG_WARN_EMPTY_BODY = YES;
				CLANG_WARN_ENUM_CONVERSION = YES;
				CLANG_WARN_INFINITE_RECURSION = YES;
				CLANG_WARN_INT_CONVERSION = YES;
				CLANG_WARN_NON_LITERAL_NULL_CONVERSION = YES;
				CLANG_WARN_OBJC_IMPLICIT_RETAIN_SELF = YES;
				CLANG_WARN_OBJC_LITERAL_CONVERSION = YES;
				CLANG_WARN_OBJC_ROOT_CLASS = YES_ERROR;
				CLANG_WARN_QUOTED_INCLUDE_IN_FRAMEWORK_HEADER = YES;
				CLANG_WARN_RANGE_LOOP_ANALYSIS = YES;
				CLANG_WARN_STRICT_PROTOTYPES = YES;
				CLANG_WARN_SUSPICIOUS_MOVE = YES;
				CLANG_WARN_UNGUARDED_AVAILABILITY = YES_AGGRESSIVE;
				CLANG_WARN_UNREACHABLE_CODE = YES;
				CLANG_WARN__DUPLICATE_METHOD_MATCH = YES;
				COPY_PHASE_STRIP = NO;
				DEBUG_INFORMATION_FORMAT = dwarf;
				ENABLE_STRICT_OBJC_MSGSEND = YES;
				ENABLE_TESTABILITY = YES;
				GCC_C_LANGUAGE_STANDARD = gnu11;
				GCC_DYNAMIC_NO_PIC = NO;
				GCC_NO_COMMON_BLOCKS = YES;
				GCC_OPTIMIZATION_LEVEL = 0;
				GCC_PREPROCESSOR_DEFINITIONS = (
					"DEBUG=1",
					"$(inherited)",
				);
				GCC_WARN_64_TO_32_BIT_CONVERSION = YES;
				GCC_WARN_ABOUT_RETURN_TYPE = YES_ERROR;
				GCC_WARN_UNDECLARED_SELECTOR = YES;
				GCC_WARN_UNINITIALIZED_AUTOS = YES_AGGRESSIVE;
				GCC_WARN_UNUSED_FUNCTION = YES;
				GCC_WARN_UNUSED_VARIABLE = YES;
				IPHONEOS_DEPLOYMENT_TARGET = 15.2;
				MTL_ENABLE_DEBUG_INFO = INCLUDE_SOURCE;
				MTL_FAST_MATH = YES;
				ONLY_ACTIVE_ARCH = YES;
				SDKROOT = iphoneos;
				SWIFT_ACTIVE_COMPILATION_CONDITIONS = DEBUG;
				SWIFT_OPTIMIZATION_LEVEL = "-Onone";
			};
			name = Debug;
		};
		D9E9E3FE2799D86B00E744D4 /* Release */ = {
			isa = XCBuildConfiguration;
			buildSettings = {
				ALWAYS_SEARCH_USER_PATHS = NO;
				CLANG_ANALYZER_NONNULL = YES;
				CLANG_ANALYZER_NUMBER_OBJECT_CONVERSION = YES_AGGRESSIVE;
				CLANG_CXX_LANGUAGE_STANDARD = "gnu++17";
				CLANG_CXX_LIBRARY = "libc++";
				CLANG_ENABLE_MODULES = YES;
				CLANG_ENABLE_OBJC_ARC = YES;
				CLANG_ENABLE_OBJC_WEAK = YES;
				CLANG_WARN_BLOCK_CAPTURE_AUTORELEASING = YES;
				CLANG_WARN_BOOL_CONVERSION = YES;
				CLANG_WARN_COMMA = YES;
				CLANG_WARN_CONSTANT_CONVERSION = YES;
				CLANG_WARN_DEPRECATED_OBJC_IMPLEMENTATIONS = YES;
				CLANG_WARN_DIRECT_OBJC_ISA_USAGE = YES_ERROR;
				CLANG_WARN_DOCUMENTATION_COMMENTS = YES;
				CLANG_WARN_EMPTY_BODY = YES;
				CLANG_WARN_ENUM_CONVERSION = YES;
				CLANG_WARN_INFINITE_RECURSION = YES;
				CLANG_WARN_INT_CONVERSION = YES;
				CLANG_WARN_NON_LITERAL_NULL_CONVERSION = YES;
				CLANG_WARN_OBJC_IMPLICIT_RETAIN_SELF = YES;
				CLANG_WARN_OBJC_LITERAL_CONVERSION = YES;
				CLANG_WARN_OBJC_ROOT_CLASS = YES_ERROR;
				CLANG_WARN_QUOTED_INCLUDE_IN_FRAMEWORK_HEADER = YES;
				CLANG_WARN_RANGE_LOOP_ANALYSIS = YES;
				CLANG_WARN_STRICT_PROTOTYPES = YES;
				CLANG_WARN_SUSPICIOUS_MOVE = YES;
				CLANG_WARN_UNGUARDED_AVAILABILITY = YES_AGGRESSIVE;
				CLANG_WARN_UNREACHABLE_CODE = YES;
				CLANG_WARN__DUPLICATE_METHOD_MATCH = YES;
				COPY_PHASE_STRIP = NO;
				DEBUG_INFORMATION_FORMAT = "dwarf-with-dsym";
				ENABLE_NS_ASSERTIONS = NO;
				ENABLE_STRICT_OBJC_MSGSEND = YES;
				GCC_C_LANGUAGE_STANDARD = gnu11;
				GCC_NO_COMMON_BLOCKS = YES;
				GCC_WARN_64_TO_32_BIT_CONVERSION = YES;
				GCC_WARN_ABOUT_RETURN_TYPE = YES_ERROR;
				GCC_WARN_UNDECLARED_SELECTOR = YES;
				GCC_WARN_UNINITIALIZED_AUTOS = YES_AGGRESSIVE;
				GCC_WARN_UNUSED_FUNCTION = YES;
				GCC_WARN_UNUSED_VARIABLE = YES;
				IPHONEOS_DEPLOYMENT_TARGET = 15.2;
				MTL_ENABLE_DEBUG_INFO = NO;
				MTL_FAST_MATH = YES;
				SDKROOT = iphoneos;
				SWIFT_COMPILATION_MODE = wholemodule;
				SWIFT_OPTIMIZATION_LEVEL = "-O";
				VALIDATE_PRODUCT = YES;
			};
			name = Release;
		};
		D9E9E4002799D86B00E744D4 /* Debug */ = {
			isa = XCBuildConfiguration;
			buildSettings = {
				ASSETCATALOG_COMPILER_APPICON_NAME = AppIcon;
				ASSETCATALOG_COMPILER_GLOBAL_ACCENT_COLOR_NAME = AccentColor;
				CODE_SIGN_STYLE = Automatic;
				CURRENT_PROJECT_VERSION = 1;
				GENERATE_INFOPLIST_FILE = YES;
				INFOPLIST_FILE = Foto_Gallery/Info.plist;
				INFOPLIST_KEY_UIApplicationSupportsIndirectInputEvents = YES;
				INFOPLIST_KEY_UILaunchStoryboardName = LaunchScreen;
				INFOPLIST_KEY_UIMainStoryboardFile = Main;
				INFOPLIST_KEY_UISupportedInterfaceOrientations_iPad = "UIInterfaceOrientationPortrait UIInterfaceOrientationPortraitUpsideDown UIInterfaceOrientationLandscapeLeft UIInterfaceOrientationLandscapeRight";
				INFOPLIST_KEY_UISupportedInterfaceOrientations_iPhone = "UIInterfaceOrientationPortrait UIInterfaceOrientationLandscapeLeft UIInterfaceOrientationLandscapeRight";
				LD_RUNPATH_SEARCH_PATHS = (
					"$(inherited)",
					"@executable_path/Frameworks",
				);
				MARKETING_VERSION = 1.0;
				PRODUCT_BUNDLE_IDENTIFIER = "it.diciodix.Foto-Gallery";
				PRODUCT_NAME = "$(TARGET_NAME)";
				SWIFT_EMIT_LOC_STRINGS = YES;
				SWIFT_VERSION = 5.0;
				TARGETED_DEVICE_FAMILY = "1,2";
			};
			name = Debug;
		};
		D9E9E4012799D86B00E744D4 /* Release */ = {
			isa = XCBuildConfiguration;
			buildSettings = {
				ASSETCATALOG_COMPILER_APPICON_NAME = AppIcon;
				ASSETCATALOG_COMPILER_GLOBAL_ACCENT_COLOR_NAME = AccentColor;
				CODE_SIGN_STYLE = Automatic;
				CURRENT_PROJECT_VERSION = 1;
				GENERATE_INFOPLIST_FILE = YES;
				INFOPLIST_FILE = Foto_Gallery/Info.plist;
				INFOPLIST_KEY_UIApplicationSupportsIndirectInputEvents = YES;
				INFOPLIST_KEY_UILaunchStoryboardName = LaunchScreen;
				INFOPLIST_KEY_UIMainStoryboardFile = Main;
				INFOPLIST_KEY_UISupportedInterfaceOrientations_iPad = "UIInterfaceOrientationPortrait UIInterfaceOrientationPortraitUpsideDown UIInterfaceOrientationLandscapeLeft UIInterfaceOrientationLandscapeRight";
				INFOPLIST_KEY_UISupportedInterfaceOrientations_iPhone = "UIInterfaceOrientationPortrait UIInterfaceOrientationLandscapeLeft UIInterfaceOrientationLandscapeRight";
				LD_RUNPATH_SEARCH_PATHS = (
					"$(inherited)",
					"@executable_path/Frameworks",
				);
				MARKETING_VERSION = 1.0;
				PRODUCT_BUNDLE_IDENTIFIER = "it.diciodix.Foto-Gallery";
				PRODUCT_NAME = "$(TARGET_NAME)";
				SWIFT_EMIT_LOC_STRINGS = YES;
				SWIFT_VERSION = 5.0;
				TARGETED_DEVICE_FAMILY = "1,2";
			};
			name = Release;
		};
		D9E9E4032799D86B00E744D4 /* Debug */ = {
			isa = XCBuildConfiguration;
			buildSettings = {
				ALWAYS_EMBED_SWIFT_STANDARD_LIBRARIES = YES;
				BUNDLE_LOADER = "$(TEST_HOST)";
				CODE_SIGN_STYLE = Automatic;
				CURRENT_PROJECT_VERSION = 1;
				GENERATE_INFOPLIST_FILE = YES;
				IPHONEOS_DEPLOYMENT_TARGET = 15.2;
				MARKETING_VERSION = 1.0;
				PRODUCT_BUNDLE_IDENTIFIER = "it.diciodix.Foto-GalleryTests";
				PRODUCT_NAME = "$(TARGET_NAME)";
				SWIFT_EMIT_LOC_STRINGS = NO;
				SWIFT_VERSION = 5.0;
				TARGETED_DEVICE_FAMILY = "1,2";
				TEST_HOST = "$(BUILT_PRODUCTS_DIR)/Foto_Gallery.app/Foto_Gallery";
			};
			name = Debug;
		};
		D9E9E4042799D86B00E744D4 /* Release */ = {
			isa = XCBuildConfiguration;
			buildSettings = {
				ALWAYS_EMBED_SWIFT_STANDARD_LIBRARIES = YES;
				BUNDLE_LOADER = "$(TEST_HOST)";
				CODE_SIGN_STYLE = Automatic;
				CURRENT_PROJECT_VERSION = 1;
				GENERATE_INFOPLIST_FILE = YES;
				IPHONEOS_DEPLOYMENT_TARGET = 15.2;
				MARKETING_VERSION = 1.0;
				PRODUCT_BUNDLE_IDENTIFIER = "it.diciodix.Foto-GalleryTests";
				PRODUCT_NAME = "$(TARGET_NAME)";
				SWIFT_EMIT_LOC_STRINGS = NO;
				SWIFT_VERSION = 5.0;
				TARGETED_DEVICE_FAMILY = "1,2";
				TEST_HOST = "$(BUILT_PRODUCTS_DIR)/Foto_Gallery.app/Foto_Gallery";
			};
			name = Release;
		};
		D9E9E4062799D86B00E744D4 /* Debug */ = {
			isa = XCBuildConfiguration;
			buildSettings = {
				ALWAYS_EMBED_SWIFT_STANDARD_LIBRARIES = YES;
				CODE_SIGN_STYLE = Automatic;
				CURRENT_PROJECT_VERSION = 1;
				GENERATE_INFOPLIST_FILE = YES;
				MARKETING_VERSION = 1.0;
				PRODUCT_BUNDLE_IDENTIFIER = "it.diciodix.Foto-GalleryUITests";
				PRODUCT_NAME = "$(TARGET_NAME)";
				SWIFT_EMIT_LOC_STRINGS = NO;
				SWIFT_VERSION = 5.0;
				TARGETED_DEVICE_FAMILY = "1,2";
				TEST_TARGET_NAME = Foto_Gallery;
			};
			name = Debug;
		};
		D9E9E4072799D86B00E744D4 /* Release */ = {
			isa = XCBuildConfiguration;
			buildSettings = {
				ALWAYS_EMBED_SWIFT_STANDARD_LIBRARIES = YES;
				CODE_SIGN_STYLE = Automatic;
				CURRENT_PROJECT_VERSION = 1;
				GENERATE_INFOPLIST_FILE = YES;
				MARKETING_VERSION = 1.0;
				PRODUCT_BUNDLE_IDENTIFIER = "it.diciodix.Foto-GalleryUITests";
				PRODUCT_NAME = "$(TARGET_NAME)";
				SWIFT_EMIT_LOC_STRINGS = NO;
				SWIFT_VERSION = 5.0;
				TARGETED_DEVICE_FAMILY = "1,2";
				TEST_TARGET_NAME = Foto_Gallery;
			};
			name = Release;
		};
/* End XCBuildConfiguration section */

/* Begin XCConfigurationList section */
		D9E9E3D02799D86900E744D4 /* Build configuration list for PBXProject "Foto_Gallery" */ = {
			isa = XCConfigurationList;
			buildConfigurations = (
				D9E9E3FD2799D86B00E744D4 /* Debug */,
				D9E9E3FE2799D86B00E744D4 /* Release */,
			);
			defaultConfigurationIsVisible = 0;
			defaultConfigurationName = Release;
		};
		D9E9E3FF2799D86B00E744D4 /* Build configuration list for PBXNativeTarget "Foto_Gallery" */ = {
			isa = XCConfigurationList;
			buildConfigurations = (
				D9E9E4002799D86B00E744D4 /* Debug */,
				D9E9E4012799D86B00E744D4 /* Release */,
			);
			defaultConfigurationIsVisible = 0;
			defaultConfigurationName = Release;
		};
		D9E9E4022799D86B00E744D4 /* Build configuration list for PBXNativeTarget "Foto_GalleryTests" */ = {
			isa = XCConfigurationList;
			buildConfigurations = (
				D9E9E4032799D86B00E744D4 /* Debug */,
				D9E9E4042799D86B00E744D4 /* Release */,
			);
			defaultConfigurationIsVisible = 0;
			defaultConfigurationName = Release;
		};
		D9E9E4052799D86B00E744D4 /* Build configuration list for PBXNativeTarget "Foto_GalleryUITests" */ = {
			isa = XCConfigurationList;
			buildConfigurations = (
				D9E9E4062799D86B00E744D4 /* Debug */,
				D9E9E4072799D86B00E744D4 /* Release */,
			);
			defaultConfigurationIsVisible = 0;
			defaultConfigurationName = Release;
		};
/* End XCConfigurationList section */
	};
	rootObject = D9E9E3CD2799D86900E744D4 /* Project object */;
}
